
Microsoft Visual Studio Solution File, Format Version 12.00
# Visual Studio Version 16
VisualStudioVersion = 16.0.31702.278
MinimumVisualStudioVersion = 10.0.40219.1
Project("{FAE04EC0-301F-11D3-BF4B-00C04F79EFBC}") = "MnbCurrencyReader", "MnbCurrencyReader\MnbCurrencyReader.csproj", "{65206DBD-4AC5-48FB-BD69-7B98ED2CBAEA}"
EndProject
Global
	GlobalSection(SolutionConfigurationPlatforms) = preSolution
		Debug|Any CPU = Debug|Any CPU
		Release|Any CPU = Release|Any CPU
	EndGlobalSection
	GlobalSection(ProjectConfigurationPlatforms) = postSolution
		{65206DBD-4AC5-48FB-BD69-7B98ED2CBAEA}.Debug|Any CPU.ActiveCfg = Debug|Any CPU
		{65206DBD-4AC5-48FB-BD69-7B98ED2CBAEA}.Debug|Any CPU.Build.0 = Debug|Any CPU
		{65206DBD-4AC5-48FB-BD69-7B98ED2CBAEA}.Release|Any CPU.ActiveCfg = Release|Any CPU
		{65206DBD-4AC5-48FB-BD69-7B98ED2CBAEA}.Release|Any CPU.Build.0 = Release|Any CPU
	EndGlobalSection
	GlobalSection(SolutionProperties) = preSolution
		HideSolutionNode = FALSE
	EndGlobalSection
	GlobalSection(ExtensibilityGlobals) = postSolution
		SolutionGuid = {AE94E279-C2E3-4E1B-9989-78B43D6A94DC}
	EndGlobalSection
EndGlobal
